
Microsoft Visual Studio Solution File, Format Version 12.00
# Visual Studio Version 17
VisualStudioVersion = 17.3.32901.215
MinimumVisualStudioVersion = 10.0.40219.1
Project("{FAE04EC0-301F-11D3-BF4B-00C04F79EFBC}") = "A-Application", "A-Application\A-Application.csproj", "{36583FC6-9323-465D-B338-E50175BD78CA}"
EndProject
Global
	GlobalSection(SolutionConfigurationPlatforms) = preSolution
		Debug|Any CPU = Debug|Any CPU
		Release|Any CPU = Release|Any CPU
	EndGlobalSection
	GlobalSection(ProjectConfigurationPlatforms) = postSolution
		{36583FC6-9323-465D-B338-E50175BD78CA}.Debug|Any CPU.ActiveCfg = Debug|Any CPU
		{36583FC6-9323-465D-B338-E50175BD78CA}.Debug|Any CPU.Build.0 = Debug|Any CPU
		{36583FC6-9323-465D-B338-E50175BD78CA}.Release|Any CPU.ActiveCfg = Release|Any CPU
		{36583FC6-9323-465D-B338-E50175BD78CA}.Release|Any CPU.Build.0 = Release|Any CPU
	EndGlobalSection
	GlobalSection(SolutionProperties) = preSolution
		HideSolutionNode = FALSE
	EndGlobalSection
	GlobalSection(ExtensibilityGlobals) = postSolution
		SolutionGuid = {186C06C5-395A-4026-8D7A-C0209469A744}
	EndGlobalSection
EndGlobal
